
Microsoft Visual Studio Solution File, Format Version 12.00
# Visual Studio 2012
Project("{FAE04EC0-301F-11D3-BF4B-00C04F79EFBC}") = "RPi_EmailSender", "RPi_EmailSender.csproj", "{A6DA739D-3BF5-43E6-B64D-F24685E22796}"
EndProject
Global
	GlobalSection(SolutionConfigurationPlatforms) = preSolution
		Debug|x86 = Debug|x86
		Release|x86 = Release|x86
	EndGlobalSection
	GlobalSection(ProjectConfigurationPlatforms) = postSolution
		{A6DA739D-3BF5-43E6-B64D-F24685E22796}.Debug|x86.ActiveCfg = Debug|x86
		{A6DA739D-3BF5-43E6-B64D-F24685E22796}.Debug|x86.Build.0 = Debug|x86
		{A6DA739D-3BF5-43E6-B64D-F24685E22796}.Release|x86.ActiveCfg = Release|x86
		{A6DA739D-3BF5-43E6-B64D-F24685E22796}.Release|x86.Build.0 = Release|x86
	EndGlobalSection
EndGlobal
